// !$*UTF8*$!
{
	archiveVersion = 1;
	classes = {
	};
	objectVersion = 56;
	objects = {

/* Begin PBXBuildFile section */
		3F6D94E12BA9FCC40063354B /* accountApp.swift in Sources */ = {isa = PBXBuildFile; fileRef = 3F6D94E02BA9FCC40063354B /* accountApp.swift */; };
		3F6D94E32BA9FCC40063354B /* ContentView.swift in Sources */ = {isa = PBXBuildFile; fileRef = 3F6D94E22BA9FCC40063354B /* ContentView.swift */; };
		3F6D94E52BA9FCC60063354B /* Assets.xcassets in Resources */ = {isa = PBXBuildFile; fileRef = 3F6D94E42BA9FCC60063354B /* Assets.xcassets */; };
		3F6D94E82BA9FCC60063354B /* Preview Assets.xcassets in Resources */ = {isa = PBXBuildFile; fileRef = 3F6D94E72BA9FCC60063354B /* Preview Assets.xcassets */; };
		3F6D94F22BA9FCC60063354B /* accountTests.swift in Sources */ = {isa = PBXBuildFile; fileRef = 3F6D94F12BA9FCC60063354B /* accountTests.swift */; };
		3F6D94FC2BA9FCC60063354B /* accountUITests.swift in Sources */ = {isa = PBXBuildFile; fileRef = 3F6D94FB2BA9FCC60063354B /* accountUITests.swift */; };
		3F6D94FE2BA9FCC60063354B /* accountUITestsLaunchTests.swift in Sources */ = {isa = PBXBuildFile; fileRef = 3F6D94FD2BA9FCC60063354B /* accountUITestsLaunchTests.swift */; };
		3F6D950B2BA9FD080063354B /* AccountView.swift in Sources */ = {isa = PBXBuildFile; fileRef = 3F6D950A2BA9FD080063354B /* AccountView.swift */; };
/* End PBXBuildFile section */

/* Begin PBXContainerItemProxy section */
		3F6D94EE2BA9FCC60063354B /* PBXContainerItemProxy */ = {
			isa = PBXContainerItemProxy;
			containerPortal = 3F6D94D52BA9FCC40063354B /* Project object */;
			proxyType = 1;
			remoteGlobalIDString = 3F6D94DC2BA9FCC40063354B;
			remoteInfo = account;
		};
		3F6D94F82BA9FCC60063354B /* PBXContainerItemProxy */ = {
			isa = PBXContainerItemProxy;
			containerPortal = 3F6D94D52BA9FCC40063354B /* Project object */;
			proxyType = 1;
			remoteGlobalIDString = 3F6D94DC2BA9FCC40063354B;
			remoteInfo = account;
		};
/* End PBXContainerItemProxy section */

/* Begin PBXFileReference section */
		3F6D94DD2BA9FCC40063354B /* account.app */ = {isa = PBXFileReference; explicitFileType = wrapper.application; includeInIndex = 0; path = account.app; sourceTree = BUILT_PRODUCTS_DIR; };
		3F6D94E02BA9FCC40063354B /* accountApp.swift */ = {isa = PBXFileReference; lastKnownFileType = sourcecode.swift; path = accountApp.swift; sourceTree = "<group>"; };
		3F6D94E22BA9FCC40063354B /* ContentView.swift */ = {isa = PBXFileReference; lastKnownFileType = sourcecode.swift; path = ContentView.swift; sourceTree = "<group>"; };
		3F6D94E42BA9FCC60063354B /* Assets.xcassets */ = {isa = PBXFileReference; lastKnownFileType = folder.assetcatalog; path = Assets.xcassets; sourceTree = "<group>"; };
		3F6D94E72BA9FCC60063354B /* Preview Assets.xcassets */ = {isa = PBXFileReference; lastKnownFileType = folder.assetcatalog; path = "Preview Assets.xcassets"; sourceTree = "<group>"; };
		3F6D94ED2BA9FCC60063354B /* accountTests.xctest */ = {isa = PBXFileReference; explicitFileType = wrapper.cfbundle; includeInIndex = 0; path = accountTests.xctest; sourceTree = BUILT_PRODUCTS_DIR; };
		3F6D94F12BA9FCC60063354B /* accountTests.swift */ = {isa = PBXFileReference; lastKnownFileType = sourcecode.swift; path = accountTests.swift; sourceTree = "<group>"; };
		3F6D94F72BA9FCC60063354B /* accountUITests.xctest */ = {isa = PBXFileReference; explicitFileType = wrapper.cfbundle; includeInIndex = 0; path = accountUITests.xctest; sourceTree = BUILT_PRODUCTS_DIR; };
		3F6D94FB2BA9FCC60063354B /* accountUITests.swift */ = {isa = PBXFileReference; lastKnownFileType = sourcecode.swift; path = accountUITests.swift; sourceTree = "<group>"; };
		3F6D94FD2BA9FCC60063354B /* accountUITestsLaunchTests.swift */ = {isa = PBXFileReference; lastKnownFileType = sourcecode.swift; path = accountUITestsLaunchTests.swift; sourceTree = "<group>"; };
		3F6D950A2BA9FD080063354B /* AccountView.swift */ = {isa = PBXFileReference; lastKnownFileType = sourcecode.swift; path = AccountView.swift; sourceTree = "<group>"; };
/* End PBXFileReference section */

/* Begin PBXFrameworksBuildPhase section */
		3F6D94DA2BA9FCC40063354B /* Frameworks */ = {
			isa = PBXFrameworksBuildPhase;
			buildActionMask = 2147483647;
			files = (
			);
			runOnlyForDeploymentPostprocessing = 0;
		};
		3F6D94EA2BA9FCC60063354B /* Frameworks */ = {
			isa = PBXFrameworksBuildPhase;
			buildActionMask = 2147483647;
			files = (
			);
			runOnlyForDeploymentPostprocessing = 0;
		};
		3F6D94F42BA9FCC60063354B /* Frameworks */ = {
			isa = PBXFrameworksBuildPhase;
			buildActionMask = 2147483647;
			files = (
			);
			runOnlyForDeploymentPostprocessing = 0;
		};
/* End PBXFrameworksBuildPhase section */

/* Begin PBXGroup section */
		3F6D94D42BA9FCC40063354B = {
			isa = PBXGroup;
			children = (
				3F6D94DF2BA9FCC40063354B /* account */,
				3F6D94F02BA9FCC60063354B /* accountTests */,
				3F6D94FA2BA9FCC60063354B /* accountUITests */,
				3F6D94DE2BA9FCC40063354B /* Products */,
			);
			sourceTree = "<group>";
		};
		3F6D94DE2BA9FCC40063354B /* Products */ = {
			isa = PBXGroup;
			children = (
				3F6D94DD2BA9FCC40063354B /* account.app */,
				3F6D94ED2BA9FCC60063354B /* accountTests.xctest */,
				3F6D94F72BA9FCC60063354B /* accountUITests.xctest */,
			);
			name = Products;
			sourceTree = "<group>";
		};
		3F6D94DF2BA9FCC40063354B /* account */ = {
			isa = PBXGroup;
			children = (
				3F6D94E02BA9FCC40063354B /* accountApp.swift */,
				3F6D94E22BA9FCC40063354B /* ContentView.swift */,
				3F6D94E42BA9FCC60063354B /* Assets.xcassets */,
				3F6D94E62BA9FCC60063354B /* Preview Content */,
				3F6D950A2BA9FD080063354B /* AccountView.swift */,
			);
			path = account;
			sourceTree = "<group>";
		};
		3F6D94E62BA9FCC60063354B /* Preview Content */ = {
			isa = PBXGroup;
			children = (
				3F6D94E72BA9FCC60063354B /* Preview Assets.xcassets */,
			);
			path = "Preview Content";
			sourceTree = "<group>";
		};
		3F6D94F02BA9FCC60063354B /* accountTests */ = {
			isa = PBXGroup;
			children = (
				3F6D94F12BA9FCC60063354B /* accountTests.swift */,
			);
			path = accountTests;
			sourceTree = "<group>";
		};
		3F6D94FA2BA9FCC60063354B /* accountUITests */ = {
			isa = PBXGroup;
			children = (
				3F6D94FB2BA9FCC60063354B /* accountUITests.swift */,
				3F6D94FD2BA9FCC60063354B /* accountUITestsLaunchTests.swift */,
			);
			path = accountUITests;
			sourceTree = "<group>";
		};
/* End PBXGroup section */

/* Begin PBXNativeTarget section */
		3F6D94DC2BA9FCC40063354B /* account */ = {
			isa = PBXNativeTarget;
			buildConfigurationList = 3F6D95012BA9FCC60063354B /* Build configuration list for PBXNativeTarget "account" */;
			buildPhases = (
				3F6D94D92BA9FCC40063354B /* Sources */,
				3F6D94DA2BA9FCC40063354B /* Frameworks */,
				3F6D94DB2BA9FCC40063354B /* Resources */,
			);
			buildRules = (
			);
			dependencies = (
			);
			name = account;
			productName = account;
			productReference = 3F6D94DD2BA9FCC40063354B /* account.app */;
			productType = "com.apple.product-type.application";
		};
		3F6D94EC2BA9FCC60063354B /* accountTests */ = {
			isa = PBXNativeTarget;
			buildConfigurationList = 3F6D95042BA9FCC60063354B /* Build configuration list for PBXNativeTarget "accountTests" */;
			buildPhases = (
				3F6D94E92BA9FCC60063354B /* Sources */,
				3F6D94EA2BA9FCC60063354B /* Frameworks */,
				3F6D94EB2BA9FCC60063354B /* Resources */,
			);
			buildRules = (
			);
			dependencies = (
				3F6D94EF2BA9FCC60063354B /* PBXTargetDependency */,
			);
			name = accountTests;
			productName = accountTests;
			productReference = 3F6D94ED2BA9FCC60063354B /* accountTests.xctest */;
			productType = "com.apple.product-type.bundle.unit-test";
		};
		3F6D94F62BA9FCC60063354B /* accountUITests */ = {
			isa = PBXNativeTarget;
			buildConfigurationList = 3F6D95072BA9FCC60063354B /* Build configuration list for PBXNativeTarget "accountUITests" */;
			buildPhases = (
				3F6D94F32BA9FCC60063354B /* Sources */,
				3F6D94F42BA9FCC60063354B /* Frameworks */,
				3F6D94F52BA9FCC60063354B /* Resources */,
			);
			buildRules = (
			);
			dependencies = (
				3F6D94F92BA9FCC60063354B /* PBXTargetDependency */,
			);
			name = accountUITests;
			productName = accountUITests;
			productReference = 3F6D94F72BA9FCC60063354B /* accountUITests.xctest */;
			productType = "com.apple.product-type.bundle.ui-testing";
		};
/* End PBXNativeTarget section */

/* Begin PBXProject section */
		3F6D94D52BA9FCC40063354B /* Project object */ = {
			isa = PBXProject;
			attributes = {
				BuildIndependentTargetsInParallel = 1;
				LastSwiftUpdateCheck = 1430;
				LastUpgradeCheck = 1430;
				TargetAttributes = {
					3F6D94DC2BA9FCC40063354B = {
						CreatedOnToolsVersion = 14.3;
					};
					3F6D94EC2BA9FCC60063354B = {
						CreatedOnToolsVersion = 14.3;
						TestTargetID = 3F6D94DC2BA9FCC40063354B;
					};
					3F6D94F62BA9FCC60063354B = {
						CreatedOnToolsVersion = 14.3;
						TestTargetID = 3F6D94DC2BA9FCC40063354B;
					};
				};
			};
			buildConfigurationList = 3F6D94D82BA9FCC40063354B /* Build configuration list for PBXProject "account" */;
			compatibilityVersion = "Xcode 14.0";
			developmentRegion = en;
			hasScannedForEncodings = 0;
			knownRegions = (
				en,
				Base,
			);
			mainGroup = 3F6D94D42BA9FCC40063354B;
			productRefGroup = 3F6D94DE2BA9FCC40063354B /* Products */;
			projectDirPath = "";
			projectRoot = "";
			targets = (
				3F6D94DC2BA9FCC40063354B /* account */,
				3F6D94EC2BA9FCC60063354B /* accountTests */,
				3F6D94F62BA9FCC60063354B /* accountUITests */,
			);
		};
/* End PBXProject section */

/* Begin PBXResourcesBuildPhase section */
		3F6D94DB2BA9FCC40063354B /* Resources */ = {
			isa = PBXResourcesBuildPhase;
			buildActionMask = 2147483647;
			files = (
				3F6D94E82BA9FCC60063354B /* Preview Assets.xcassets in Resources */,
				3F6D94E52BA9FCC60063354B /* Assets.xcassets in Resources */,
			);
			runOnlyForDeploymentPostprocessing = 0;
		};
		3F6D94EB2BA9FCC60063354B /* Resources */ = {
			isa = PBXResourcesBuildPhase;
			buildActionMask = 2147483647;
			files = (
			);
			runOnlyForDeploymentPostprocessing = 0;
		};
		3F6D94F52BA9FCC60063354B /* Resources */ = {
			isa = PBXResourcesBuildPhase;
			buildActionMask = 2147483647;
			files = (
			);
			runOnlyForDeploymentPostprocessing = 0;
		};
/* End PBXResourcesBuildPhase section */

/* Begin PBXSourcesBuildPhase section */
		3F6D94D92BA9FCC40063354B /* Sources */ = {
			isa = PBXSourcesBuildPhase;
			buildActionMask = 2147483647;
			files = (
				3F6D950B2BA9FD080063354B /* AccountView.swift in Sources */,
				3F6D94E32BA9FCC40063354B /* ContentView.swift in Sources */,
				3F6D94E12BA9FCC40063354B /* accountApp.swift in Sources */,
			);
			runOnlyForDeploymentPostprocessing = 0;
		};
		3F6D94E92BA9FCC60063354B /* Sources */ = {
			isa = PBXSourcesBuildPhase;
			buildActionMask = 2147483647;
			files = (
				3F6D94F22BA9FCC60063354B /* accountTests.swift in Sources */,
			);
			runOnlyForDeploymentPostprocessing = 0;
		};
		3F6D94F32BA9FCC60063354B /* Sources */ = {
			isa = PBXSourcesBuildPhase;
			buildActionMask = 2147483647;
			files = (
				3F6D94FE2BA9FCC60063354B /* accountUITestsLaunchTests.swift in Sources */,
				3F6D94FC2BA9FCC60063354B /* accountUITests.swift in Sources */,
			);
			runOnlyForDeploymentPostprocessing = 0;
		};
/* End PBXSourcesBuildPhase section */

/* Begin PBXTargetDependency section */
		3F6D94EF2BA9FCC60063354B /* PBXTargetDependency */ = {
			isa = PBXTargetDependency;
			target = 3F6D94DC2BA9FCC40063354B /* account */;
			targetProxy = 3F6D94EE2BA9FCC60063354B /* PBXContainerItemProxy */;
		};
		3F6D94F92BA9FCC60063354B /* PBXTargetDependency */ = {
			isa = PBXTargetDependency;
			target = 3F6D94DC2BA9FCC40063354B /* account */;
			targetProxy = 3F6D94F82BA9FCC60063354B /* PBXContainerItemProxy */;
		};
/* End PBXTargetDependency section */

/* Begin XCBuildConfiguration section */
		3F6D94FF2BA9FCC60063354B /* Debug */ = {
			isa = XCBuildConfiguration;
			buildSettings = {
				ALWAYS_SEARCH_USER_PATHS = NO;
				CLANG_ANALYZER_NONNULL = YES;
				CLANG_ANALYZER_NUMBER_OBJECT_CONVERSION = YES_AGGRESSIVE;
				CLANG_CXX_LANGUAGE_STANDARD = "gnu++20";
				CLANG_ENABLE_MODULES = YES;
				CLANG_ENABLE_OBJC_ARC = YES;
				CLANG_ENABLE_OBJC_WEAK = YES;
				CLANG_WARN_BLOCK_CAPTURE_AUTORELEASING = YES;
				CLANG_WARN_BOOL_CONVERSION = YES;
				CLANG_WARN_COMMA = YES;
				CLANG_WARN_CONSTANT_CONVERSION = YES;
				CLANG_WARN_DEPRECATED_OBJC_IMPLEMENTATIONS = YES;
				CLANG_WARN_DIRECT_OBJC_ISA_USAGE = YES_ERROR;
				CLANG_WARN_DOCUMENTATION_COMMENTS = YES;
				CLANG_WARN_EMPTY_BODY = YES;
				CLANG_WARN_ENUM_CONVERSION = YES;
				CLANG_WARN_INFINITE_RECURSION = YES;
				CLANG_WARN_INT_CONVERSION = YES;
				CLANG_WARN_NON_LITERAL_NULL_CONVERSION = YES;
				CLANG_WARN_OBJC_IMPLICIT_RETAIN_SELF = YES;
				CLANG_WARN_OBJC_LITERAL_CONVERSION = YES;
				CLANG_WARN_OBJC_ROOT_CLASS = YES_ERROR;
				CLANG_WARN_QUOTED_INCLUDE_IN_FRAMEWORK_HEADER = YES;
				CLANG_WARN_RANGE_LOOP_ANALYSIS = YES;
				CLANG_WARN_STRICT_PROTOTYPES = YES;
				CLANG_WARN_SUSPICIOUS_MOVE = YES;
				CLANG_WARN_UNGUARDED_AVAILABILITY = YES_AGGRESSIVE;
				CLANG_WARN_UNREACHABLE_CODE = YES;
				CLANG_WARN__DUPLICATE_METHOD_MATCH = YES;
				COPY_PHASE_STRIP = NO;
				DEBUG_INFORMATION_FORMAT = dwarf;
				ENABLE_STRICT_OBJC_MSGSEND = YES;
				ENABLE_TESTABILITY = YES;
				GCC_C_LANGUAGE_STANDARD = gnu11;
				GCC_DYNAMIC_NO_PIC = NO;
				GCC_NO_COMMON_BLOCKS = YES;
				GCC_OPTIMIZATION_LEVEL = 0;
				GCC_PREPROCESSOR_DEFINITIONS = (
					"DEBUG=1",
					"$(inherited)",
				);
				GCC_WARN_64_TO_32_BIT_CONVERSION = YES;
				GCC_WARN_ABOUT_RETURN_TYPE = YES_ERROR;
				GCC_WARN_UNDECLARED_SELECTOR = YES;
				GCC_WARN_UNINITIALIZED_AUTOS = YES_AGGRESSIVE;
				GCC_WARN_UNUSED_FUNCTION = YES;
				GCC_WARN_UNUSED_VARIABLE = YES;
				IPHONEOS_DEPLOYMENT_TARGET = 16.4;
				MTL_ENABLE_DEBUG_INFO = INCLUDE_SOURCE;
				MTL_FAST_MATH = YES;
				ONLY_ACTIVE_ARCH = YES;
				SDKROOT = iphoneos;
				SWIFT_ACTIVE_COMPILATION_CONDITIONS = DEBUG;
				SWIFT_OPTIMIZATION_LEVEL = "-Onone";
			};
			name = Debug;
		};
		3F6D95002BA9FCC60063354B /* Release */ = {
			isa = XCBuildConfiguration;
			buildSettings = {
				ALWAYS_SEARCH_USER_PATHS = NO;
				CLANG_ANALYZER_NONNULL = YES;
				CLANG_ANALYZER_NUMBER_OBJECT_CONVERSION = YES_AGGRESSIVE;
				CLANG_CXX_LANGUAGE_STANDARD = "gnu++20";
				CLANG_ENABLE_MODULES = YES;
				CLANG_ENABLE_OBJC_ARC = YES;
				CLANG_ENABLE_OBJC_WEAK = YES;
				CLANG_WARN_BLOCK_CAPTURE_AUTORELEASING = YES;
				CLANG_WARN_BOOL_CONVERSION = YES;
				CLANG_WARN_COMMA = YES;
				CLANG_WARN_CONSTANT_CONVERSION = YES;
				CLANG_WARN_DEPRECATED_OBJC_IMPLEMENTATIONS = YES;
				CLANG_WARN_DIRECT_OBJC_ISA_USAGE = YES_ERROR;
				CLANG_WARN_DOCUMENTATION_COMMENTS = YES;
				CLANG_WARN_EMPTY_BODY = YES;
				CLANG_WARN_ENUM_CONVERSION = YES;
				CLANG_WARN_INFINITE_RECURSION = YES;
				CLANG_WARN_INT_CONVERSION = YES;
				CLANG_WARN_NON_LITERAL_NULL_CONVERSION = YES;
				CLANG_WARN_OBJC_IMPLICIT_RETAIN_SELF = YES;
				CLANG_WARN_OBJC_LITERAL_CONVERSION = YES;
				CLANG_WARN_OBJC_ROOT_CLASS = YES_ERROR;
				CLANG_WARN_QUOTED_INCLUDE_IN_FRAMEWORK_HEADER = YES;
				CLANG_WARN_RANGE_LOOP_ANALYSIS = YES;
				CLANG_WARN_STRICT_PROTOTYPES = YES;
				CLANG_WARN_SUSPICIOUS_MOVE = YES;
				CLANG_WARN_UNGUARDED_AVAILABILITY = YES_AGGRESSIVE;
				CLANG_WARN_UNREACHABLE_CODE = YES;
				CLANG_WARN__DUPLICATE_METHOD_MATCH = YES;
				COPY_PHASE_STRIP = NO;
				DEBUG_INFORMATION_FORMAT = "dwarf-with-dsym";
				ENABLE_NS_ASSERTIONS = NO;
				ENABLE_STRICT_OBJC_MSGSEND = YES;
				GCC_C_LANGUAGE_STANDARD = gnu11;
				GCC_NO_COMMON_BLOCKS = YES;
				GCC_WARN_64_TO_32_BIT_CONVERSION = YES;
				GCC_WARN_ABOUT_RETURN_TYPE = YES_ERROR;
				GCC_WARN_UNDECLARED_SELECTOR = YES;
				GCC_WARN_UNINITIALIZED_AUTOS = YES_AGGRESSIVE;
				GCC_WARN_UNUSED_FUNCTION = YES;
				GCC_WARN_UNUSED_VARIABLE = YES;
				IPHONEOS_DEPLOYMENT_TARGET = 16.4;
				MTL_ENABLE_DEBUG_INFO = NO;
				MTL_FAST_MATH = YES;
				SDKROOT = iphoneos;
				SWIFT_COMPILATION_MODE = wholemodule;
				SWIFT_OPTIMIZATION_LEVEL = "-O";
				VALIDATE_PRODUCT = YES;
			};
			name = Release;
		};
		3F6D95022BA9FCC60063354B /* Debug */ = {
			isa = XCBuildConfiguration;
			buildSettings = {
				ASSETCATALOG_COMPILER_APPICON_NAME = AppIcon;
				ASSETCATALOG_COMPILER_GLOBAL_ACCENT_COLOR_NAME = AccentColor;
				CODE_SIGN_STYLE = Automatic;
				CURRENT_PROJECT_VERSION = 1;
				DEVELOPMENT_ASSET_PATHS = "\"account/Preview Content\"";
				ENABLE_PREVIEWS = YES;
				GENERATE_INFOPLIST_FILE = YES;
				INFOPLIST_KEY_UIApplicationSceneManifest_Generation = YES;
				INFOPLIST_KEY_UIApplicationSupportsIndirectInputEvents = YES;
				INFOPLIST_KEY_UILaunchScreen_Generation = YES;
				INFOPLIST_KEY_UISupportedInterfaceOrientations_iPad = "UIInterfaceOrientationPortrait UIInterfaceOrientationPortraitUpsideDown UIInterfaceOrientationLandscapeLeft UIInterfaceOrientationLandscapeRight";
				INFOPLIST_KEY_UISupportedInterfaceOrientations_iPhone = "UIInterfaceOrientationPortrait UIInterfaceOrientationLandscapeLeft UIInterfaceOrientationLandscapeRight";
				LD_RUNPATH_SEARCH_PATHS = (
					"$(inherited)",
					"@executable_path/Frameworks",
				);
				MARKETING_VERSION = 1.0;
				PRODUCT_BUNDLE_IDENTIFIER = hse.account;
				PRODUCT_NAME = "$(TARGET_NAME)";
				SWIFT_EMIT_LOC_STRINGS = YES;
				SWIFT_VERSION = 5.0;
				TARGETED_DEVICE_FAMILY = "1,2";
			};
			name = Debug;
		};
		3F6D95032BA9FCC60063354B /* Release */ = {
			isa = XCBuildConfiguration;
			buildSettings = {
				ASSETCATALOG_COMPILER_APPICON_NAME = AppIcon;
				ASSETCATALOG_COMPILER_GLOBAL_ACCENT_COLOR_NAME = AccentColor;
				CODE_SIGN_STYLE = Automatic;
				CURRENT_PROJECT_VERSION = 1;
				DEVELOPMENT_ASSET_PATHS = "\"account/Preview Content\"";
				ENABLE_PREVIEWS = YES;
				GENERATE_INFOPLIST_FILE = YES;
				INFOPLIST_KEY_UIApplicationSceneManifest_Generation = YES;
				INFOPLIST_KEY_UIApplicationSupportsIndirectInputEvents = YES;
				INFOPLIST_KEY_UILaunchScreen_Generation = YES;
				INFOPLIST_KEY_UISupportedInterfaceOrientations_iPad = "UIInterfaceOrientationPortrait UIInterfaceOrientationPortraitUpsideDown UIInterfaceOrientationLandscapeLeft UIInterfaceOrientationLandscapeRight";
				INFOPLIST_KEY_UISupportedInterfaceOrientations_iPhone = "UIInterfaceOrientationPortrait UIInterfaceOrientationLandscapeLeft UIInterfaceOrientationLandscapeRight";
				LD_RUNPATH_SEARCH_PATHS = (
					"$(inherited)",
					"@executable_path/Frameworks",
				);
				MARKETING_VERSION = 1.0;
				PRODUCT_BUNDLE_IDENTIFIER = hse.account;
				PRODUCT_NAME = "$(TARGET_NAME)";
				SWIFT_EMIT_LOC_STRINGS = YES;
				SWIFT_VERSION = 5.0;
				TARGETED_DEVICE_FAMILY = "1,2";
			};
			name = Release;
		};
		3F6D95052BA9FCC60063354B /* Debug */ = {
			isa = XCBuildConfiguration;
			buildSettings = {
				ALWAYS_EMBED_SWIFT_STANDARD_LIBRARIES = YES;
				BUNDLE_LOADER = "$(TEST_HOST)";
				CODE_SIGN_STYLE = Automatic;
				CURRENT_PROJECT_VERSION = 1;
				GENERATE_INFOPLIST_FILE = YES;
				IPHONEOS_DEPLOYMENT_TARGET = 16.4;
				MARKETING_VERSION = 1.0;
				PRODUCT_BUNDLE_IDENTIFIER = hse.accountTests;
				PRODUCT_NAME = "$(TARGET_NAME)";
				SWIFT_EMIT_LOC_STRINGS = NO;
				SWIFT_VERSION = 5.0;
				TARGETED_DEVICE_FAMILY = "1,2";
				TEST_HOST = "$(BUILT_PRODUCTS_DIR)/account.app/$(BUNDLE_EXECUTABLE_FOLDER_PATH)/account";
			};
			name = Debug;
		};
		3F6D95062BA9FCC60063354B /* Release */ = {
			isa = XCBuildConfiguration;
			buildSettings = {
				ALWAYS_EMBED_SWIFT_STANDARD_LIBRARIES = YES;
				BUNDLE_LOADER = "$(TEST_HOST)";
				CODE_SIGN_STYLE = Automatic;
				CURRENT_PROJECT_VERSION = 1;
				GENERATE_INFOPLIST_FILE = YES;
				IPHONEOS_DEPLOYMENT_TARGET = 16.4;
				MARKETING_VERSION = 1.0;
				PRODUCT_BUNDLE_IDENTIFIER = hse.accountTests;
				PRODUCT_NAME = "$(TARGET_NAME)";
				SWIFT_EMIT_LOC_STRINGS = NO;
				SWIFT_VERSION = 5.0;
				TARGETED_DEVICE_FAMILY = "1,2";
				TEST_HOST = "$(BUILT_PRODUCTS_DIR)/account.app/$(BUNDLE_EXECUTABLE_FOLDER_PATH)/account";
			};
			name = Release;
		};
		3F6D95082BA9FCC60063354B /* Debug */ = {
			isa = XCBuildConfiguration;
			buildSettings = {
				ALWAYS_EMBED_SWIFT_STANDARD_LIBRARIES = YES;
				CODE_SIGN_STYLE = Automatic;
				CURRENT_PROJECT_VERSION = 1;
				GENERATE_INFOPLIST_FILE = YES;
				MARKETING_VERSION = 1.0;
				PRODUCT_BUNDLE_IDENTIFIER = hse.accountUITests;
				PRODUCT_NAME = "$(TARGET_NAME)";
				SWIFT_EMIT_LOC_STRINGS = NO;
				SWIFT_VERSION = 5.0;
				TARGETED_DEVICE_FAMILY = "1,2";
				TEST_TARGET_NAME = account;
			};
			name = Debug;
		};
		3F6D95092BA9FCC60063354B /* Release */ = {
			isa = XCBuildConfiguration;
			buildSettings = {
				ALWAYS_EMBED_SWIFT_STANDARD_LIBRARIES = YES;
				CODE_SIGN_STYLE = Automatic;
				CURRENT_PROJECT_VERSION = 1;
				GENERATE_INFOPLIST_FILE = YES;
				MARKETING_VERSION = 1.0;
				PRODUCT_BUNDLE_IDENTIFIER = hse.accountUITests;
				PRODUCT_NAME = "$(TARGET_NAME)";
				SWIFT_EMIT_LOC_STRINGS = NO;
				SWIFT_VERSION = 5.0;
				TARGETED_DEVICE_FAMILY = "1,2";
				TEST_TARGET_NAME = account;
			};
			name = Release;
		};
/* End XCBuildConfiguration section */

/* Begin XCConfigurationList section */
		3F6D94D82BA9FCC40063354B /* Build configuration list for PBXProject "account" */ = {
			isa = XCConfigurationList;
			buildConfigurations = (
				3F6D94FF2BA9FCC60063354B /* Debug */,
				3F6D95002BA9FCC60063354B /* Release */,
			);
			defaultConfigurationIsVisible = 0;
			defaultConfigurationName = Release;
		};
		3F6D95012BA9FCC60063354B /* Build configuration list for PBXNativeTarget "account" */ = {
			isa = XCConfigurationList;
			buildConfigurations = (
				3F6D95022BA9FCC60063354B /* Debug */,
				3F6D95032BA9FCC60063354B /* Release */,
			);
			defaultConfigurationIsVisible = 0;
			defaultConfigurationName = Release;
		};
		3F6D95042BA9FCC60063354B /* Build configuration list for PBXNativeTarget "accountTests" */ = {
			isa = XCConfigurationList;
			buildConfigurations = (
				3F6D95052BA9FCC60063354B /* Debug */,
				3F6D95062BA9FCC60063354B /* Release */,
			);
			defaultConfigurationIsVisible = 0;
			defaultConfigurationName = Release;
		};
		3F6D95072BA9FCC60063354B /* Build configuration list for PBXNativeTarget "accountUITests" */ = {
			isa = XCConfigurationList;
			buildConfigurations = (
				3F6D95082BA9FCC60063354B /* Debug */,
				3F6D95092BA9FCC60063354B /* Release */,
			);
			defaultConfigurationIsVisible = 0;
			defaultConfigurationName = Release;
		};
/* End XCConfigurationList section */
	};
	rootObject = 3F6D94D52BA9FCC40063354B /* Project object */;
}
